// !$*UTF8*$!
{
	archiveVersion = 1;
	classes = {
	};
	objectVersion = 48;
	objects = {

/* Begin PBXBuildFile section */
		055D34F8200B0EBD00BD840A /* JRFinalize.swift in Sources */ = {isa = PBXBuildFile; fileRef = 055D34F7200B0EBD00BD840A /* JRFinalize.swift */; };
		056C672820162C0D003E9485 /* Primitives.js in CopyFiles */ = {isa = PBXBuildFile; fileRef = 056C6724201627D2003E9485 /* Primitives.js */; };
		05A856DC20035B2A00DB5E75 /* main.swift in Sources */ = {isa = PBXBuildFile; fileRef = 05A856DB20035B2A00DB5E75 /* main.swift */; };
		05D4377F20035C4500320CA4 /* JRMain.swift in Sources */ = {isa = PBXBuildFile; fileRef = 05D4377E20035C4500320CA4 /* JRMain.swift */; };
		05D437812003713000320CA4 /* JRConfig.swift in Sources */ = {isa = PBXBuildFile; fileRef = 05D437802003713000320CA4 /* JRConfig.swift */; };
		05D6F35A1FE3FDAF0070DF5B /* JRConfig.swift in Sources */ = {isa = PBXBuildFile; fileRef = 05D6F3551FE3FDAF0070DF5B /* JRConfig.swift */; };
		05D6F35B1FE3FDAF0070DF5B /* JRCompiler.swift in Sources */ = {isa = PBXBuildFile; fileRef = 05D6F3561FE3FDAF0070DF5B /* JRCompiler.swift */; };
		05D6F35C1FE3FDAF0070DF5B /* JRMain.swift in Sources */ = {isa = PBXBuildFile; fileRef = 05D6F3571FE3FDAF0070DF5B /* JRMain.swift */; };
		05D6F35D1FE3FDAF0070DF5B /* main.swift in Sources */ = {isa = PBXBuildFile; fileRef = 05D6F3581FE3FDAF0070DF5B /* main.swift */; };
		05D6F35E1FE3FDAF0070DF5B /* JRError.swift in Sources */ = {isa = PBXBuildFile; fileRef = 05D6F3591FE3FDAF0070DF5B /* JRError.swift */; };
		05D6F36D1FE3FFC90070DF5B /* Canary.framework in CopyFiles */ = {isa = PBXBuildFile; fileRef = 05D6F36C1FE3FFC90070DF5B /* Canary.framework */; settings = {ATTRIBUTES = (CodeSignOnCopy, RemoveHeadersOnCopy, ); }; };
		05D6F36F1FE3FFE40070DF5B /* Cobalt.framework in CopyFiles */ = {isa = PBXBuildFile; fileRef = 05D6F36E1FE3FFE40070DF5B /* Cobalt.framework */; settings = {ATTRIBUTES = (CodeSignOnCopy, RemoveHeadersOnCopy, ); }; };
		05D6F3771FE42CA70070DF5B /* KiwiEngine.framework in CopyFiles */ = {isa = PBXBuildFile; fileRef = 05D6F3761FE42CA70070DF5B /* KiwiEngine.framework */; settings = {ATTRIBUTES = (CodeSignOnCopy, RemoveHeadersOnCopy, ); }; };
		05D6F3791FE42D6B0070DF5B /* KiwiLibrary.framework in CopyFiles */ = {isa = PBXBuildFile; fileRef = 05D6F3781FE42D6B0070DF5B /* KiwiLibrary.framework */; settings = {ATTRIBUTES = (CodeSignOnCopy, RemoveHeadersOnCopy, ); }; };
		05E02FC42014C41800A26A63 /* hanoi_main.js in CopyFiles */ = {isa = PBXBuildFile; fileRef = 05E02FBD2014C24F00A26A63 /* hanoi_main.js */; };
		05E02FC52014C41E00A26A63 /* hanoi_tower.js in CopyFiles */ = {isa = PBXBuildFile; fileRef = 05E02FBE2014C24F00A26A63 /* hanoi_tower.js */; };
/* End PBXBuildFile section */

/* Begin PBXContainerItemProxy section */
		0510E6751FE560FD00B2C718 /* PBXContainerItemProxy */ = {
			isa = PBXContainerItemProxy;
			containerPortal = 05A42E3B1FE3FD5600321C93 /* Project object */;
			proxyType = 1;
			remoteGlobalIDString = 05D6F3701FE406CD0070DF5B;
			remoteInfo = Install;
		};
		05A856E020035B3D00DB5E75 /* PBXContainerItemProxy */ = {
			isa = PBXContainerItemProxy;
			containerPortal = 05A42E3B1FE3FD5600321C93 /* Project object */;
			proxyType = 1;
			remoteGlobalIDString = 05D6F3621FE3FE1C0070DF5B;
			remoteInfo = JSToolsBundle;
		};
		05A856E220035B4600DB5E75 /* PBXContainerItemProxy */ = {
			isa = PBXContainerItemProxy;
			containerPortal = 05A42E3B1FE3FD5600321C93 /* Project object */;
			proxyType = 1;
			remoteGlobalIDString = 05A856D820035B2900DB5E75;
			remoteInfo = jscat;
		};
		05D6F3691FE3FE280070DF5B /* PBXContainerItemProxy */ = {
			isa = PBXContainerItemProxy;
			containerPortal = 05A42E3B1FE3FD5600321C93 /* Project object */;
			proxyType = 1;
			remoteGlobalIDString = 05D6F3621FE3FE1C0070DF5B;
			remoteInfo = JSToolsBundle;
		};
		05D6F3741FE406EB0070DF5B /* PBXContainerItemProxy */ = {
			isa = PBXContainerItemProxy;
			containerPortal = 05A42E3B1FE3FD5600321C93 /* Project object */;
			proxyType = 1;
			remoteGlobalIDString = 05A42E421FE3FD5600321C93;
			remoteInfo = jsrun;
		};
/* End PBXContainerItemProxy section */

/* Begin PBXCopyFilesBuildPhase section */
		056C6725201627FC003E9485 /* CopyFiles */ = {
			isa = PBXCopyFilesBuildPhase;
			buildActionMask = 2147483647;
			dstPath = Library/Graphics;
			dstSubfolderSpec = 7;
			files = (
				056C672820162C0D003E9485 /* Primitives.js in CopyFiles */,
			);
			runOnlyForDeploymentPostprocessing = 0;
		};
		05A42E411FE3FD5600321C93 /* CopyFiles */ = {
			isa = PBXCopyFilesBuildPhase;
			buildActionMask = 2147483647;
			dstPath = /usr/share/man/man1/;
			dstSubfolderSpec = 0;
			files = (
			);
			runOnlyForDeploymentPostprocessing = 1;
		};
		05A856D720035B2900DB5E75 /* CopyFiles */ = {
			isa = PBXCopyFilesBuildPhase;
			buildActionMask = 2147483647;
			dstPath = /usr/share/man/man1/;
			dstSubfolderSpec = 0;
			files = (
			);
			runOnlyForDeploymentPostprocessing = 1;
		};
		05D6F36B1FE3FF620070DF5B /* CopyFiles */ = {
			isa = PBXCopyFilesBuildPhase;
			buildActionMask = 12;
			dstPath = "";
			dstSubfolderSpec = 10;
			files = (
				05D6F3791FE42D6B0070DF5B /* KiwiLibrary.framework in CopyFiles */,
				05D6F3771FE42CA70070DF5B /* KiwiEngine.framework in CopyFiles */,
				05D6F36F1FE3FFE40070DF5B /* Cobalt.framework in CopyFiles */,
				05D6F36D1FE3FFC90070DF5B /* Canary.framework in CopyFiles */,
			);
			runOnlyForDeploymentPostprocessing = 0;
		};
		05E02FC12014C27000A26A63 /* CopyFiles */ = {
			isa = PBXCopyFilesBuildPhase;
			buildActionMask = 2147483647;
			dstPath = Game/Hanoi;
			dstSubfolderSpec = 7;
			files = (
				05E02FC52014C41E00A26A63 /* hanoi_tower.js in CopyFiles */,
				05E02FC42014C41800A26A63 /* hanoi_main.js in CopyFiles */,
			);
			runOnlyForDeploymentPostprocessing = 0;
		};
/* End PBXCopyFilesBuildPhase section */

/* Begin PBXFileReference section */
		0510E6701FE55E9500B2C718 /* install_osx.mk */ = {isa = PBXFileReference; lastKnownFileType = text; name = install_osx.mk; path = ../Script/install_osx.mk; sourceTree = "<group>"; };
		055D34F7200B0EBD00BD840A /* JRFinalize.swift */ = {isa = PBXFileReference; lastKnownFileType = sourcecode.swift; path = JRFinalize.swift; sourceTree = "<group>"; };
		056C6724201627D2003E9485 /* Primitives.js */ = {isa = PBXFileReference; lastKnownFileType = sourcecode.javascript; path = Primitives.js; sourceTree = "<group>"; };
		05A42E431FE3FD5600321C93 /* jsrun */ = {isa = PBXFileReference; explicitFileType = "compiled.mach-o.executable"; includeInIndex = 0; path = jsrun; sourceTree = BUILT_PRODUCTS_DIR; };
		05A856D920035B2900DB5E75 /* jscat */ = {isa = PBXFileReference; explicitFileType = "compiled.mach-o.executable"; includeInIndex = 0; path = jscat; sourceTree = BUILT_PRODUCTS_DIR; };
		05A856DB20035B2A00DB5E75 /* main.swift */ = {isa = PBXFileReference; lastKnownFileType = sourcecode.swift; path = main.swift; sourceTree = "<group>"; };
		05D4377E20035C4500320CA4 /* JRMain.swift */ = {isa = PBXFileReference; lastKnownFileType = sourcecode.swift; path = JRMain.swift; sourceTree = "<group>"; };
		05D437802003713000320CA4 /* JRConfig.swift */ = {isa = PBXFileReference; lastKnownFileType = sourcecode.swift; path = JRConfig.swift; sourceTree = "<group>"; };
		05D6F3541FE3FDAF0070DF5B /* JSTools-Bridging-Header.h */ = {isa = PBXFileReference; lastKnownFileType = sourcecode.c.h; path = "JSTools-Bridging-Header.h"; sourceTree = "<group>"; };
		05D6F3551FE3FDAF0070DF5B /* JRConfig.swift */ = {isa = PBXFileReference; fileEncoding = 4; lastKnownFileType = sourcecode.swift; path = JRConfig.swift; sourceTree = "<group>"; };
		05D6F3561FE3FDAF0070DF5B /* JRCompiler.swift */ = {isa = PBXFileReference; fileEncoding = 4; lastKnownFileType = sourcecode.swift; path = JRCompiler.swift; sourceTree = "<group>"; };
		05D6F3571FE3FDAF0070DF5B /* JRMain.swift */ = {isa = PBXFileReference; fileEncoding = 4; lastKnownFileType = sourcecode.swift; path = JRMain.swift; sourceTree = "<group>"; };
		05D6F3581FE3FDAF0070DF5B /* main.swift */ = {isa = PBXFileReference; fileEncoding = 4; lastKnownFileType = sourcecode.swift; path = main.swift; sourceTree = "<group>"; };
		05D6F3591FE3FDAF0070DF5B /* JRError.swift */ = {isa = PBXFileReference; fileEncoding = 4; lastKnownFileType = sourcecode.swift; path = JRError.swift; sourceTree = "<group>"; };
		05D6F3631FE3FE1C0070DF5B /* jstools.bundle */ = {isa = PBXFileReference; explicitFileType = wrapper.cfbundle; includeInIndex = 0; path = jstools.bundle; sourceTree = BUILT_PRODUCTS_DIR; };
		05D6F3651FE3FE1C0070DF5B /* Info.plist */ = {isa = PBXFileReference; lastKnownFileType = text.plist; path = Info.plist; sourceTree = "<group>"; };
		05D6F36C1FE3FFC90070DF5B /* Canary.framework */ = {isa = PBXFileReference; lastKnownFileType = wrapper.framework; name = Canary.framework; path = ../../../Library/Frameworks/Canary.framework; sourceTree = "<group>"; };
		05D6F36E1FE3FFE40070DF5B /* Cobalt.framework */ = {isa = PBXFileReference; lastKnownFileType = wrapper.framework; name = Cobalt.framework; path = ../../../Library/Frameworks/Cobalt.framework; sourceTree = "<group>"; };
		05D6F3761FE42CA70070DF5B /* KiwiEngine.framework */ = {isa = PBXFileReference; lastKnownFileType = wrapper.framework; name = KiwiEngine.framework; path = ../../../Library/Frameworks/KiwiEngine.framework; sourceTree = "<group>"; };
		05D6F3781FE42D6B0070DF5B /* KiwiLibrary.framework */ = {isa = PBXFileReference; lastKnownFileType = wrapper.framework; name = KiwiLibrary.framework; path = ../../../Library/Frameworks/KiwiLibrary.framework; sourceTree = "<group>"; };
		05E02FBD2014C24F00A26A63 /* hanoi_main.js */ = {isa = PBXFileReference; fileEncoding = 4; lastKnownFileType = sourcecode.javascript; path = hanoi_main.js; sourceTree = "<group>"; };
		05E02FBE2014C24F00A26A63 /* hanoi_tower.js */ = {isa = PBXFileReference; fileEncoding = 4; lastKnownFileType = sourcecode.javascript; path = hanoi_tower.js; sourceTree = "<group>"; };
/* End PBXFileReference section */

/* Begin PBXFrameworksBuildPhase section */
		05A42E401FE3FD5600321C93 /* Frameworks */ = {
			isa = PBXFrameworksBuildPhase;
			buildActionMask = 2147483647;
			files = (
			);
			runOnlyForDeploymentPostprocessing = 0;
		};
		05A856D620035B2900DB5E75 /* Frameworks */ = {
			isa = PBXFrameworksBuildPhase;
			buildActionMask = 2147483647;
			files = (
			);
			runOnlyForDeploymentPostprocessing = 0;
		};
		05D6F3601FE3FE1C0070DF5B /* Frameworks */ = {
			isa = PBXFrameworksBuildPhase;
			buildActionMask = 2147483647;
			files = (
			);
			runOnlyForDeploymentPostprocessing = 0;
		};
/* End PBXFrameworksBuildPhase section */

/* Begin PBXGroup section */
		056C6723201626F4003E9485 /* Library */ = {
			isa = PBXGroup;
			children = (
				056C67272016282D003E9485 /* Graphics */,
			);
			path = Library;
			sourceTree = "<group>";
		};
		056C67272016282D003E9485 /* Graphics */ = {
			isa = PBXGroup;
			children = (
				056C6724201627D2003E9485 /* Primitives.js */,
			);
			path = Graphics;
			sourceTree = "<group>";
		};
		057D2B9520149A780027A52A /* Resources */ = {
			isa = PBXGroup;
			children = (
				056C6723201626F4003E9485 /* Library */,
				05E02FBB2014C21500A26A63 /* Game */,
			);
			name = Resources;
			path = ../Resource;
			sourceTree = SOURCE_ROOT;
		};
		05A42E3A1FE3FD5600321C93 = {
			isa = PBXGroup;
			children = (
				05D6F3531FE3FD880070DF5B /* Source */,
				05D6F3641FE3FE1C0070DF5B /* OSX */,
				057D2B9520149A780027A52A /* Resources */,
				05A42E441FE3FD5600321C93 /* Products */,
				0510E6701FE55E9500B2C718 /* install_osx.mk */,
				05D6F3781FE42D6B0070DF5B /* KiwiLibrary.framework */,
				05D6F3761FE42CA70070DF5B /* KiwiEngine.framework */,
				05D6F36E1FE3FFE40070DF5B /* Cobalt.framework */,
				05D6F36C1FE3FFC90070DF5B /* Canary.framework */,
			);
			sourceTree = "<group>";
		};
		05A42E441FE3FD5600321C93 /* Products */ = {
			isa = PBXGroup;
			children = (
				05A42E431FE3FD5600321C93 /* jsrun */,
				05D6F3631FE3FE1C0070DF5B /* jstools.bundle */,
				05A856D920035B2900DB5E75 /* jscat */,
			);
			name = Products;
			sourceTree = "<group>";
		};
		05A856DA20035B2A00DB5E75 /* jscat */ = {
			isa = PBXGroup;
			children = (
				05D4377E20035C4500320CA4 /* JRMain.swift */,
				05D437802003713000320CA4 /* JRConfig.swift */,
				05A856DB20035B2A00DB5E75 /* main.swift */,
			);
			path = jscat;
			sourceTree = "<group>";
		};
		05B8182B2002630A00290480 /* jsrun */ = {
			isa = PBXGroup;
			children = (
				05D6F3571FE3FDAF0070DF5B /* JRMain.swift */,
				05D6F3561FE3FDAF0070DF5B /* JRCompiler.swift */,
				05D6F3551FE3FDAF0070DF5B /* JRConfig.swift */,
				055D34F7200B0EBD00BD840A /* JRFinalize.swift */,
				05D6F3591FE3FDAF0070DF5B /* JRError.swift */,
				05D6F3581FE3FDAF0070DF5B /* main.swift */,
			);
			path = jsrun;
			sourceTree = "<group>";
		};
		05D6F3531FE3FD880070DF5B /* Source */ = {
			isa = PBXGroup;
			children = (
				05D6F3541FE3FDAF0070DF5B /* JSTools-Bridging-Header.h */,
				05B8182B2002630A00290480 /* jsrun */,
				05A856DA20035B2A00DB5E75 /* jscat */,
			);
			name = Source;
			path = ../Source;
			sourceTree = SOURCE_ROOT;
		};
		05D6F3641FE3FE1C0070DF5B /* OSX */ = {
			isa = PBXGroup;
			children = (
				05D6F3651FE3FE1C0070DF5B /* Info.plist */,
			);
			name = OSX;
			sourceTree = SOURCE_ROOT;
		};
		05E02FBB2014C21500A26A63 /* Game */ = {
			isa = PBXGroup;
			children = (
				05E02FBC2014C22F00A26A63 /* Hanoi */,
			);
			path = Game;
			sourceTree = "<group>";
		};
		05E02FBC2014C22F00A26A63 /* Hanoi */ = {
			isa = PBXGroup;
			children = (
				05E02FBD2014C24F00A26A63 /* hanoi_main.js */,
				05E02FBE2014C24F00A26A63 /* hanoi_tower.js */,
			);
			path = Hanoi;
			sourceTree = "<group>";
		};
/* End PBXGroup section */

/* Begin PBXLegacyTarget section */
		0510E6711FE560F300B2C718 /* Test */ = {
			isa = PBXLegacyTarget;
			buildArgumentsString = "-f ../Test/unit_test.mk";
			buildConfigurationList = 0510E6721FE560F300B2C718 /* Build configuration list for PBXLegacyTarget "Test" */;
			buildPhases = (
			);
			buildToolPath = /usr/bin/make;
			buildWorkingDirectory = "";
			dependencies = (
				0510E6761FE560FD00B2C718 /* PBXTargetDependency */,
			);
			name = Test;
			passBuildSettingsInEnvironment = 1;
			productName = Test;
		};
		05D6F3701FE406CD0070DF5B /* Install */ = {
			isa = PBXLegacyTarget;
			buildArgumentsString = "-f ../Script/install_osx.mk install make_dmg";
			buildConfigurationList = 05D6F3711FE406CD0070DF5B /* Build configuration list for PBXLegacyTarget "Install" */;
			buildPhases = (
			);
			buildToolPath = /usr/bin/make;
			buildWorkingDirectory = "";
			dependencies = (
				05A856E320035B4600DB5E75 /* PBXTargetDependency */,
				05D6F3751FE406EB0070DF5B /* PBXTargetDependency */,
			);
			name = Install;
			passBuildSettingsInEnvironment = 1;
			productName = Install;
		};
/* End PBXLegacyTarget section */

/* Begin PBXNativeTarget section */
		05A42E421FE3FD5600321C93 /* jsrun */ = {
			isa = PBXNativeTarget;
			buildConfigurationList = 05A42E4A1FE3FD5600321C93 /* Build configuration list for PBXNativeTarget "jsrun" */;
			buildPhases = (
				05A42E3F1FE3FD5600321C93 /* Sources */,
				05A42E401FE3FD5600321C93 /* Frameworks */,
				05A42E411FE3FD5600321C93 /* CopyFiles */,
			);
			buildRules = (
			);
			dependencies = (
				05D6F36A1FE3FE280070DF5B /* PBXTargetDependency */,
			);
			name = jsrun;
			productName = JSTools;
			productReference = 05A42E431FE3FD5600321C93 /* jsrun */;
			productType = "com.apple.product-type.tool";
		};
		05A856D820035B2900DB5E75 /* jscat */ = {
			isa = PBXNativeTarget;
			buildConfigurationList = 05A856DF20035B2A00DB5E75 /* Build configuration list for PBXNativeTarget "jscat" */;
			buildPhases = (
				05A856D520035B2900DB5E75 /* Sources */,
				05A856D620035B2900DB5E75 /* Frameworks */,
				05A856D720035B2900DB5E75 /* CopyFiles */,
			);
			buildRules = (
			);
			dependencies = (
				05A856E120035B3D00DB5E75 /* PBXTargetDependency */,
			);
			name = jscat;
			productName = jscat;
			productReference = 05A856D920035B2900DB5E75 /* jscat */;
			productType = "com.apple.product-type.tool";
		};
		05D6F3621FE3FE1C0070DF5B /* JSToolsBundle */ = {
			isa = PBXNativeTarget;
			buildConfigurationList = 05D6F3661FE3FE1C0070DF5B /* Build configuration list for PBXNativeTarget "JSToolsBundle" */;
			buildPhases = (
				05D6F35F1FE3FE1C0070DF5B /* Sources */,
				05D6F3601FE3FE1C0070DF5B /* Frameworks */,
				05D6F3611FE3FE1C0070DF5B /* Resources */,
				05D6F36B1FE3FF620070DF5B /* CopyFiles */,
				05E02FC12014C27000A26A63 /* CopyFiles */,
				056C6725201627FC003E9485 /* CopyFiles */,
			);
			buildRules = (
			);
			dependencies = (
			);
			name = JSToolsBundle;
			productName = JSToolsBundle;
			productReference = 05D6F3631FE3FE1C0070DF5B /* jstools.bundle */;
			productType = "com.apple.product-type.bundle";
		};
/* End PBXNativeTarget section */

/* Begin PBXProject section */
		05A42E3B1FE3FD5600321C93 /* Project object */ = {
			isa = PBXProject;
			attributes = {
				LastSwiftUpdateCheck = 0920;
				LastUpgradeCheck = 0920;
				ORGANIZATIONNAME = "Tomoo Hamada";
				TargetAttributes = {
					0510E6711FE560F300B2C718 = {
						CreatedOnToolsVersion = 9.2;
						ProvisioningStyle = Automatic;
					};
					05A42E421FE3FD5600321C93 = {
						CreatedOnToolsVersion = 9.2;
						LastSwiftMigration = 0920;
						ProvisioningStyle = Automatic;
					};
					05A856D820035B2900DB5E75 = {
						CreatedOnToolsVersion = 9.2;
						ProvisioningStyle = Automatic;
					};
					05D6F3621FE3FE1C0070DF5B = {
						CreatedOnToolsVersion = 9.2;
						ProvisioningStyle = Automatic;
					};
					05D6F3701FE406CD0070DF5B = {
						CreatedOnToolsVersion = 9.2;
						ProvisioningStyle = Automatic;
					};
				};
			};
			buildConfigurationList = 05A42E3E1FE3FD5600321C93 /* Build configuration list for PBXProject "JSTools" */;
			compatibilityVersion = "Xcode 8.0";
			developmentRegion = en;
			hasScannedForEncodings = 0;
			knownRegions = (
				en,
			);
			mainGroup = 05A42E3A1FE3FD5600321C93;
			productRefGroup = 05A42E441FE3FD5600321C93 /* Products */;
			projectDirPath = "";
			projectRoot = "";
			targets = (
				05D6F3621FE3FE1C0070DF5B /* JSToolsBundle */,
				05A42E421FE3FD5600321C93 /* jsrun */,
				05A856D820035B2900DB5E75 /* jscat */,
				05D6F3701FE406CD0070DF5B /* Install */,
				0510E6711FE560F300B2C718 /* Test */,
			);
		};
/* End PBXProject section */

/* Begin PBXResourcesBuildPhase section */
		05D6F3611FE3FE1C0070DF5B /* Resources */ = {
			isa = PBXResourcesBuildPhase;
			buildActionMask = 2147483647;
			files = (
			);
			runOnlyForDeploymentPostprocessing = 0;
		};
/* End PBXResourcesBuildPhase section */

/* Begin PBXSourcesBuildPhase section */
		05A42E3F1FE3FD5600321C93 /* Sources */ = {
			isa = PBXSourcesBuildPhase;
			buildActionMask = 2147483647;
			files = (
				05D6F35C1FE3FDAF0070DF5B /* JRMain.swift in Sources */,
				05D6F35B1FE3FDAF0070DF5B /* JRCompiler.swift in Sources */,
				05D6F35D1FE3FDAF0070DF5B /* main.swift in Sources */,
				05D6F35E1FE3FDAF0070DF5B /* JRError.swift in Sources */,
				05D6F35A1FE3FDAF0070DF5B /* JRConfig.swift in Sources */,
				055D34F8200B0EBD00BD840A /* JRFinalize.swift in Sources */,
			);
			runOnlyForDeploymentPostprocessing = 0;
		};
		05A856D520035B2900DB5E75 /* Sources */ = {
			isa = PBXSourcesBuildPhase;
			buildActionMask = 2147483647;
			files = (
				05D437812003713000320CA4 /* JRConfig.swift in Sources */,
				05D4377F20035C4500320CA4 /* JRMain.swift in Sources */,
				05A856DC20035B2A00DB5E75 /* main.swift in Sources */,
			);
			runOnlyForDeploymentPostprocessing = 0;
		};
		05D6F35F1FE3FE1C0070DF5B /* Sources */ = {
			isa = PBXSourcesBuildPhase;
			buildActionMask = 2147483647;
			files = (
			);
			runOnlyForDeploymentPostprocessing = 0;
		};
/* End PBXSourcesBuildPhase section */

/* Begin PBXTargetDependency section */
		0510E6761FE560FD00B2C718 /* PBXTargetDependency */ = {
			isa = PBXTargetDependency;
			target = 05D6F3701FE406CD0070DF5B /* Install */;
			targetProxy = 0510E6751FE560FD00B2C718 /* PBXContainerItemProxy */;
		};
		05A856E120035B3D00DB5E75 /* PBXTargetDependency */ = {
			isa = PBXTargetDependency;
			target = 05D6F3621FE3FE1C0070DF5B /* JSToolsBundle */;
			targetProxy = 05A856E020035B3D00DB5E75 /* PBXContainerItemProxy */;
		};
		05A856E320035B4600DB5E75 /* PBXTargetDependency */ = {
			isa = PBXTargetDependency;
			target = 05A856D820035B2900DB5E75 /* jscat */;
			targetProxy = 05A856E220035B4600DB5E75 /* PBXContainerItemProxy */;
		};
		05D6F36A1FE3FE280070DF5B /* PBXTargetDependency */ = {
			isa = PBXTargetDependency;
			target = 05D6F3621FE3FE1C0070DF5B /* JSToolsBundle */;
			targetProxy = 05D6F3691FE3FE280070DF5B /* PBXContainerItemProxy */;
		};
		05D6F3751FE406EB0070DF5B /* PBXTargetDependency */ = {
			isa = PBXTargetDependency;
			target = 05A42E421FE3FD5600321C93 /* jsrun */;
			targetProxy = 05D6F3741FE406EB0070DF5B /* PBXContainerItemProxy */;
		};
/* End PBXTargetDependency section */

/* Begin XCBuildConfiguration section */
		0510E6731FE560F300B2C718 /* Debug */ = {
			isa = XCBuildConfiguration;
			buildSettings = {
				CODE_SIGN_STYLE = Automatic;
				DEBUGGING_SYMBOLS = YES;
				DEBUG_INFORMATION_FORMAT = dwarf;
				DEVELOPMENT_TEAM = TR2DNF3P93;
				GCC_GENERATE_DEBUGGING_SYMBOLS = YES;
				GCC_OPTIMIZATION_LEVEL = 0;
				OTHER_CFLAGS = "";
				OTHER_LDFLAGS = "";
				PRODUCT_NAME = "$(TARGET_NAME)";
			};
			name = Debug;
		};
		0510E6741FE560F300B2C718 /* Release */ = {
			isa = XCBuildConfiguration;
			buildSettings = {
				CODE_SIGN_STYLE = Automatic;
				DEBUG_INFORMATION_FORMAT = "dwarf-with-dsym";
				DEVELOPMENT_TEAM = TR2DNF3P93;
				OTHER_CFLAGS = "";
				OTHER_LDFLAGS = "";
				PRODUCT_NAME = "$(TARGET_NAME)";
			};
			name = Release;
		};
		05A42E481FE3FD5600321C93 /* Debug */ = {
			isa = XCBuildConfiguration;
			buildSettings = {
				ALWAYS_SEARCH_USER_PATHS = NO;
				CLANG_ANALYZER_NONNULL = YES;
				CLANG_ANALYZER_NUMBER_OBJECT_CONVERSION = YES_AGGRESSIVE;
				CLANG_CXX_LANGUAGE_STANDARD = "gnu++14";
				CLANG_CXX_LIBRARY = "libc++";
				CLANG_ENABLE_MODULES = YES;
				CLANG_ENABLE_OBJC_ARC = YES;
				CLANG_WARN_BLOCK_CAPTURE_AUTORELEASING = YES;
				CLANG_WARN_BOOL_CONVERSION = YES;
				CLANG_WARN_COMMA = YES;
				CLANG_WARN_CONSTANT_CONVERSION = YES;
				CLANG_WARN_DIRECT_OBJC_ISA_USAGE = YES_ERROR;
				CLANG_WARN_DOCUMENTATION_COMMENTS = YES;
				CLANG_WARN_EMPTY_BODY = YES;
				CLANG_WARN_ENUM_CONVERSION = YES;
				CLANG_WARN_INFINITE_RECURSION = YES;
				CLANG_WARN_INT_CONVERSION = YES;
				CLANG_WARN_NON_LITERAL_NULL_CONVERSION = YES;
				CLANG_WARN_OBJC_LITERAL_CONVERSION = YES;
				CLANG_WARN_OBJC_ROOT_CLASS = YES_ERROR;
				CLANG_WARN_RANGE_LOOP_ANALYSIS = YES;
				CLANG_WARN_STRICT_PROTOTYPES = YES;
				CLANG_WARN_SUSPICIOUS_MOVE = YES;
				CLANG_WARN_UNGUARDED_AVAILABILITY = YES_AGGRESSIVE;
				CLANG_WARN_UNREACHABLE_CODE = YES;
				CLANG_WARN__DUPLICATE_METHOD_MATCH = YES;
				CODE_SIGN_IDENTITY = "";
				COPY_PHASE_STRIP = NO;
				DEBUG_INFORMATION_FORMAT = dwarf;
				DEVELOPMENT_TEAM = "";
				ENABLE_STRICT_OBJC_MSGSEND = YES;
				ENABLE_TESTABILITY = YES;
				GCC_C_LANGUAGE_STANDARD = gnu11;
				GCC_DYNAMIC_NO_PIC = NO;
				GCC_NO_COMMON_BLOCKS = YES;
				GCC_OPTIMIZATION_LEVEL = 2;
				GCC_PREPROCESSOR_DEFINITIONS = (
					"DEBUG=1",
					"$(inherited)",
				);
				GCC_WARN_64_TO_32_BIT_CONVERSION = YES;
				GCC_WARN_ABOUT_RETURN_TYPE = YES_ERROR;
				GCC_WARN_UNDECLARED_SELECTOR = YES;
				GCC_WARN_UNINITIALIZED_AUTOS = YES_AGGRESSIVE;
				GCC_WARN_UNUSED_FUNCTION = YES;
				GCC_WARN_UNUSED_VARIABLE = YES;
				MACOSX_DEPLOYMENT_TARGET = 10.13;
				MTL_ENABLE_DEBUG_INFO = YES;
				ONLY_ACTIVE_ARCH = YES;
				SDKROOT = macosx;
				SWIFT_ACTIVE_COMPILATION_CONDITIONS = DEBUG;
				SWIFT_OPTIMIZATION_LEVEL = "-Onone";
			};
			name = Debug;
		};
		05A42E491FE3FD5600321C93 /* Release */ = {
			isa = XCBuildConfiguration;
			buildSettings = {
				ALWAYS_SEARCH_USER_PATHS = NO;
				CLANG_ANALYZER_NONNULL = YES;
				CLANG_ANALYZER_NUMBER_OBJECT_CONVERSION = YES_AGGRESSIVE;
				CLANG_CXX_LANGUAGE_STANDARD = "gnu++14";
				CLANG_CXX_LIBRARY = "libc++";
				CLANG_ENABLE_MODULES = YES;
				CLANG_ENABLE_OBJC_ARC = YES;
				CLANG_WARN_BLOCK_CAPTURE_AUTORELEASING = YES;
				CLANG_WARN_BOOL_CONVERSION = YES;
				CLANG_WARN_COMMA = YES;
				CLANG_WARN_CONSTANT_CONVERSION = YES;
				CLANG_WARN_DIRECT_OBJC_ISA_USAGE = YES_ERROR;
				CLANG_WARN_DOCUMENTATION_COMMENTS = YES;
				CLANG_WARN_EMPTY_BODY = YES;
				CLANG_WARN_ENUM_CONVERSION = YES;
				CLANG_WARN_INFINITE_RECURSION = YES;
				CLANG_WARN_INT_CONVERSION = YES;
				CLANG_WARN_NON_LITERAL_NULL_CONVERSION = YES;
				CLANG_WARN_OBJC_LITERAL_CONVERSION = YES;
				CLANG_WARN_OBJC_ROOT_CLASS = YES_ERROR;
				CLANG_WARN_RANGE_LOOP_ANALYSIS = YES;
				CLANG_WARN_STRICT_PROTOTYPES = YES;
				CLANG_WARN_SUSPICIOUS_MOVE = YES;
				CLANG_WARN_UNGUARDED_AVAILABILITY = YES_AGGRESSIVE;
				CLANG_WARN_UNREACHABLE_CODE = YES;
				CLANG_WARN__DUPLICATE_METHOD_MATCH = YES;
				CODE_SIGN_IDENTITY = "";
				COPY_PHASE_STRIP = NO;
				DEBUG_INFORMATION_FORMAT = "dwarf-with-dsym";
				DEVELOPMENT_TEAM = "";
				ENABLE_NS_ASSERTIONS = NO;
				ENABLE_STRICT_OBJC_MSGSEND = YES;
				GCC_C_LANGUAGE_STANDARD = gnu11;
				GCC_NO_COMMON_BLOCKS = YES;
				GCC_OPTIMIZATION_LEVEL = 2;
				GCC_WARN_64_TO_32_BIT_CONVERSION = YES;
				GCC_WARN_ABOUT_RETURN_TYPE = YES_ERROR;
				GCC_WARN_UNDECLARED_SELECTOR = YES;
				GCC_WARN_UNINITIALIZED_AUTOS = YES_AGGRESSIVE;
				GCC_WARN_UNUSED_FUNCTION = YES;
				GCC_WARN_UNUSED_VARIABLE = YES;
				MACOSX_DEPLOYMENT_TARGET = 10.13;
				MTL_ENABLE_DEBUG_INFO = NO;
				SDKROOT = macosx;
				SWIFT_OPTIMIZATION_LEVEL = "-Owholemodule";
			};
			name = Release;
		};
		05A42E4B1FE3FD5600321C93 /* Debug */ = {
			isa = XCBuildConfiguration;
			buildSettings = {
				CLANG_ENABLE_MODULES = YES;
				CODE_SIGN_IDENTITY = "Mac Developer";
				CODE_SIGN_STYLE = Automatic;
				DEVELOPMENT_TEAM = TR2DNF3P93;
				FRAMEWORK_SEARCH_PATHS = (
					"$(TARGET_BUILD_DIR)/jstools.bundle/Contents/Frameworks",
					"$(HOME)/Library/Frameworks",
				);
				GCC_OPTIMIZATION_LEVEL = 2;
				INFOPLIST_FILE = "$(SRCROOT)/Info.plist";
				INSTALL_PATH = "$(HOME)/tools/jstools";
				LD_RUNPATH_SEARCH_PATHS = "@executable_path/jstools.bundle/Contents/Frameworks $(inherited)";
				LIBRARY_SEARCH_PATHS = "$(TARGET_BUILD_DIR)/jstools.bundle/Contents/Frameworks";
				PRODUCT_NAME = "$(TARGET_NAME)";
				SKIP_INSTALL = NO;
				SWIFT_OBJC_BRIDGING_HEADER = "../Source/JSTools-Bridging-Header.h";
				SWIFT_OPTIMIZATION_LEVEL = "-O";
				SWIFT_VERSION = 4.0;
			};
			name = Debug;
		};
		05A42E4C1FE3FD5600321C93 /* Release */ = {
			isa = XCBuildConfiguration;
			buildSettings = {
				CLANG_ENABLE_MODULES = YES;
				CODE_SIGN_IDENTITY = "Mac Developer";
				CODE_SIGN_STYLE = Automatic;
				DEVELOPMENT_TEAM = TR2DNF3P93;
				FRAMEWORK_SEARCH_PATHS = (
					"$(TARGET_BUILD_DIR)/jstools.bundle/Contents/Frameworks",
					"$(HOME)/Library/Frameworks",
				);
				GCC_OPTIMIZATION_LEVEL = 2;
				INFOPLIST_FILE = "$(SRCROOT)/Info.plist";
				INSTALL_PATH = "$(HOME)/tools/jstools";
				LD_RUNPATH_SEARCH_PATHS = "@executable_path/jstools.bundle/Contents/Frameworks $(inherited)";
				LIBRARY_SEARCH_PATHS = "$(TARGET_BUILD_DIR)/jstools.bundle/Contents/Frameworks";
				PRODUCT_NAME = "$(TARGET_NAME)";
				SKIP_INSTALL = NO;
				SWIFT_OBJC_BRIDGING_HEADER = "../Source/JSTools-Bridging-Header.h";
				SWIFT_VERSION = 4.0;
			};
			name = Release;
		};
		05A856DD20035B2A00DB5E75 /* Debug */ = {
			isa = XCBuildConfiguration;
			buildSettings = {
				CODE_SIGN_IDENTITY = "Mac Developer";
				CODE_SIGN_STYLE = Automatic;
				DEVELOPMENT_TEAM = TR2DNF3P93;
				FRAMEWORK_SEARCH_PATHS = (
					"$(TARGET_BUILD_DIR)/jstools.bundle/Contents/Frameworks",
					"$(HOME)/Library/Frameworks",
				);
				GCC_OPTIMIZATION_LEVEL = 2;
				INSTALL_PATH = "$(HOME)/tools/jstools";
				LD_RUNPATH_SEARCH_PATHS = "@executable_path/jstools.bundle/Contents/Frameworks $(inherited)";
				LIBRARY_SEARCH_PATHS = "$(TARGET_BUILD_DIR)/jstools.bundle/Contents/Frameworks";
				PRODUCT_NAME = "$(TARGET_NAME)";
				SWIFT_OPTIMIZATION_LEVEL = "-O";
				SWIFT_VERSION = 4.0;
			};
			name = Debug;
		};
		05A856DE20035B2A00DB5E75 /* Release */ = {
			isa = XCBuildConfiguration;
			buildSettings = {
				CODE_SIGN_IDENTITY = "Mac Developer";
				CODE_SIGN_STYLE = Automatic;
				DEVELOPMENT_TEAM = TR2DNF3P93;
				FRAMEWORK_SEARCH_PATHS = (
					"$(TARGET_BUILD_DIR)/jstools.bundle/Contents/Frameworks",
					"$(HOME)/Library/Frameworks",
				);
				GCC_OPTIMIZATION_LEVEL = 2;
				INSTALL_PATH = "$(HOME)/tools/jstools";
				LD_RUNPATH_SEARCH_PATHS = "@executable_path/jstools.bundle/Contents/Frameworks $(inherited)";
				LIBRARY_SEARCH_PATHS = "$(TARGET_BUILD_DIR)/jstools.bundle/Contents/Frameworks";
				PRODUCT_NAME = "$(TARGET_NAME)";
				SWIFT_OPTIMIZATION_LEVEL = "-O";
				SWIFT_VERSION = 4.0;
			};
			name = Release;
		};
		05D6F3671FE3FE1C0070DF5B /* Debug */ = {
			isa = XCBuildConfiguration;
			buildSettings = {
				ALWAYS_EMBED_SWIFT_STANDARD_LIBRARIES = YES;
				CODE_SIGN_IDENTITY = "Mac Developer";
				CODE_SIGN_STYLE = Automatic;
				COMBINE_HIDPI_IMAGES = YES;
				DEVELOPMENT_TEAM = TR2DNF3P93;
				GCC_OPTIMIZATION_LEVEL = 2;
				INFOPLIST_FILE = Info.plist;
				INSTALL_PATH = "$(HOME)/tools/jstools";
				PRODUCT_BUNDLE_IDENTIFIER = github.com.steelwheels.JSToolsBundle;
				PRODUCT_NAME = jstools;
				SKIP_INSTALL = NO;
				WRAPPER_EXTENSION = bundle;
			};
			name = Debug;
		};
		05D6F3681FE3FE1C0070DF5B /* Release */ = {
			isa = XCBuildConfiguration;
			buildSettings = {
				ALWAYS_EMBED_SWIFT_STANDARD_LIBRARIES = YES;
				CODE_SIGN_IDENTITY = "Mac Developer";
				CODE_SIGN_STYLE = Automatic;
				COMBINE_HIDPI_IMAGES = YES;
				DEVELOPMENT_TEAM = TR2DNF3P93;
				GCC_OPTIMIZATION_LEVEL = 2;
				INFOPLIST_FILE = Info.plist;
				INSTALL_PATH = "$(HOME)/tools/jstools";
				PRODUCT_BUNDLE_IDENTIFIER = github.com.steelwheels.JSToolsBundle;
				PRODUCT_NAME = jstools;
				SKIP_INSTALL = NO;
				WRAPPER_EXTENSION = bundle;
			};
			name = Release;
		};
		05D6F3721FE406CD0070DF5B /* Debug */ = {
			isa = XCBuildConfiguration;
			buildSettings = {
				CODE_SIGN_STYLE = Automatic;
				DEBUGGING_SYMBOLS = YES;
				DEBUG_INFORMATION_FORMAT = dwarf;
				DEVELOPMENT_TEAM = TR2DNF3P93;
				GCC_GENERATE_DEBUGGING_SYMBOLS = YES;
				GCC_OPTIMIZATION_LEVEL = 0;
				OTHER_CFLAGS = "";
				OTHER_LDFLAGS = "";
				PRODUCT_NAME = "$(TARGET_NAME)";
			};
			name = Debug;
		};
		05D6F3731FE406CD0070DF5B /* Release */ = {
			isa = XCBuildConfiguration;
			buildSettings = {
				CODE_SIGN_STYLE = Automatic;
				DEBUG_INFORMATION_FORMAT = "dwarf-with-dsym";
				DEVELOPMENT_TEAM = TR2DNF3P93;
				OTHER_CFLAGS = "";
				OTHER_LDFLAGS = "";
				PRODUCT_NAME = "$(TARGET_NAME)";
			};
			name = Release;
		};
/* End XCBuildConfiguration section */

/* Begin XCConfigurationList section */
		0510E6721FE560F300B2C718 /* Build configuration list for PBXLegacyTarget "Test" */ = {
			isa = XCConfigurationList;
			buildConfigurations = (
				0510E6731FE560F300B2C718 /* Debug */,
				0510E6741FE560F300B2C718 /* Release */,
			);
			defaultConfigurationIsVisible = 0;
			defaultConfigurationName = Release;
		};
		05A42E3E1FE3FD5600321C93 /* Build configuration list for PBXProject "JSTools" */ = {
			isa = XCConfigurationList;
			buildConfigurations = (
				05A42E481FE3FD5600321C93 /* Debug */,
				05A42E491FE3FD5600321C93 /* Release */,
			);
			defaultConfigurationIsVisible = 0;
			defaultConfigurationName = Release;
		};
		05A42E4A1FE3FD5600321C93 /* Build configuration list for PBXNativeTarget "jsrun" */ = {
			isa = XCConfigurationList;
			buildConfigurations = (
				05A42E4B1FE3FD5600321C93 /* Debug */,
				05A42E4C1FE3FD5600321C93 /* Release */,
			);
			defaultConfigurationIsVisible = 0;
			defaultConfigurationName = Release;
		};
		05A856DF20035B2A00DB5E75 /* Build configuration list for PBXNativeTarget "jscat" */ = {
			isa = XCConfigurationList;
			buildConfigurations = (
				05A856DD20035B2A00DB5E75 /* Debug */,
				05A856DE20035B2A00DB5E75 /* Release */,
			);
			defaultConfigurationIsVisible = 0;
			defaultConfigurationName = Release;
		};
		05D6F3661FE3FE1C0070DF5B /* Build configuration list for PBXNativeTarget "JSToolsBundle" */ = {
			isa = XCConfigurationList;
			buildConfigurations = (
				05D6F3671FE3FE1C0070DF5B /* Debug */,
				05D6F3681FE3FE1C0070DF5B /* Release */,
			);
			defaultConfigurationIsVisible = 0;
			defaultConfigurationName = Release;
		};
		05D6F3711FE406CD0070DF5B /* Build configuration list for PBXLegacyTarget "Install" */ = {
			isa = XCConfigurationList;
			buildConfigurations = (
				05D6F3721FE406CD0070DF5B /* Debug */,
				05D6F3731FE406CD0070DF5B /* Release */,
			);
			defaultConfigurationIsVisible = 0;
			defaultConfigurationName = Release;
		};
/* End XCConfigurationList section */
	};
	rootObject = 05A42E3B1FE3FD5600321C93 /* Project object */;
}
